<?xml version="1.0" encoding="utf-8"?>
<Project ToolsVersion="4.0" xmlns="http://schemas.microsoft.com/developer/msbuild/2003">
  <ItemGroup>
    <Filter Include="源文件">
      <UniqueIdentifier>{4FC737F1-C7A5-4376-A066-2A32D752A2FF}</UniqueIdentifier>
      <Extensions>cpp;c;cc;cxx;def;odl;idl;hpj;bat;asm;asmx</Extensions>
    </Filter>
    <Filter Include="资源文件">
      <UniqueIdentifier>{67DA6AB6-F800-4c08-8B7A-83BB121AAD01}</UniqueIdentifier>
      <Extensions>rc;ico;cur;bmp;dlg;rc2;rct;bin;rgs;gif;jpg;jpeg;jpe;resx;tiff;tif;png;wav;mfcribbon-ms</Extensions>
    </Filter>
    <Filter Include="Helper">
      <UniqueIdentifier>{ab7fcfec-8878-4de6-b1c8-fadc91652cbb}</UniqueIdentifier>
    </Filter>
    <Filter Include="Head">
      <UniqueIdentifier>{93995380-89BD-4b04-88EB-625FBE52EBFB}</UniqueIdentifier>
      <Extensions>h;hh;hpp;hxx;hm;inl;inc;xsd</Extensions>
    </Filter>
  </ItemGroup>
  <ItemGroup>
    <ClCompile Include="AIG.c">
      <Filter>源文件</Filter>
    </ClCompile>
    <ClCompile Include="Helper\StringHelper.c">
      <Filter>Helper</Filter>
    </ClCompile>
    <ClCompile Include="Helper\FileHelper.c">
      <Filter>Helper</Filter>
    </ClCompile>
    <ClCompile Include="Helper\PathHelper.c">
      <Filter>Helper</Filter>
    </ClCompile>
    <ClCompile Include="Helper\TimeHelper.c">
      <Filter>Helper</Filter>
    </ClCompile>
    <ClCompile Include="Helper\ProfileHelper.c">
      <Filter>Helper</Filter>
    </ClCompile>
    <ClCompile Include="Helper\SortHelper.c">
      <Filter>Helper</Filter>
    </ClCompile>
    <ClCompile Include="Helper\LogHelper.c">
      <Filter>Helper</Filter>
    </ClCompile>
    <ClCompile Include="Helper\MutexHelper.c">
      <Filter>Helper</Filter>
    </ClCompile>
    <ClCompile Include="Helper\SearchHelper.c">
      <Filter>Helper</Filter>
    </ClCompile>
    <ClCompile Include="Helper\ConsoleHelper.c">
      <Filter>Helper</Filter>
    </ClCompile>
    <ClCompile Include="Helper\ArgvHelper.c">
      <Filter>Helper</Filter>
    </ClCompile>
  </ItemGroup>
  <ItemGroup>
    <ClInclude Include="Head\StringHelper.h">
      <Filter>Head</Filter>
    </ClInclude>
    <ClInclude Include="Head\FileHelper.h">
      <Filter>Head</Filter>
    </ClInclude>
    <ClInclude Include="Head\DefHelper.h">
      <Filter>Head</Filter>
    </ClInclude>
    <ClInclude Include="Head\PathHelper.h">
      <Filter>Head</Filter>
    </ClInclude>
    <ClInclude Include="Head\TimeHelper.h">
      <Filter>Head</Filter>
    </ClInclude>
    <ClInclude Include="Head\ProfileHelper.h">
      <Filter>Head</Filter>
    </ClInclude>
    <ClInclude Include="Head\SortHelper.h">
      <Filter>Head</Filter>
    </ClInclude>
    <ClInclude Include="Head\MutexHelper.h">
      <Filter>Head</Filter>
    </ClInclude>
    <ClInclude Include="Head\LogHelper.h">
      <Filter>Head</Filter>
    </ClInclude>
    <ClInclude Include="Head\SearchHelper.h">
      <Filter>Head</Filter>
    </ClInclude>
    <ClInclude Include="Head\ConsoleHelper.h">
      <Filter>Head</Filter>
    </ClInclude>
    <ClInclude Include="Head\ArgvHelper.h">
      <Filter>Head</Filter>
    </ClInclude>
  </ItemGroup>
  <ItemGroup>
    <None Include="MakeFile_Exe.sh">
      <Filter>资源文件</Filter>
    </None>
    <None Include="makefile.sh">
      <Filter>资源文件</Filter>
    </None>
  </ItemGroup>
</Project>